// !$*UTF8*$!
{
	archiveVersion = 1;
	classes = {
	};
	objectVersion = 46;
	objects = {

/* Begin PBXBuildFile section */
		0225DB221A549435007B8A08 /* ArrowLeft.png in Resources */ = {isa = PBXBuildFile; fileRef = 0225DB191A549435007B8A08 /* ArrowLeft.png */; };
		0225DB231A549435007B8A08 /* ArrowLeft@2x.png in Resources */ = {isa = PBXBuildFile; fileRef = 0225DB1A1A549435007B8A08 /* ArrowLeft@2x.png */; };
		0225DB241A549435007B8A08 /* ArrowRight.png in Resources */ = {isa = PBXBuildFile; fileRef = 0225DB1B1A549435007B8A08 /* ArrowRight.png */; };
		0225DB251A549435007B8A08 /* ArrowRight@2x.png in Resources */ = {isa = PBXBuildFile; fileRef = 0225DB1C1A549435007B8A08 /* ArrowRight@2x.png */; };
		0225DB261A549435007B8A08 /* Location.png in Resources */ = {isa = PBXBuildFile; fileRef = 0225DB1E1A549435007B8A08 /* Location.png */; };
		0225DB271A549435007B8A08 /* Location@2x.png in Resources */ = {isa = PBXBuildFile; fileRef = 0225DB1F1A549435007B8A08 /* Location@2x.png */; };
		0225DB281A549435007B8A08 /* School.png in Resources */ = {isa = PBXBuildFile; fileRef = 0225DB201A549435007B8A08 /* School.png */; };
		0225DB291A549435007B8A08 /* School@2x.png in Resources */ = {isa = PBXBuildFile; fileRef = 0225DB211A549435007B8A08 /* School@2x.png */; };
		024E24F91A7B0F0C00976A9C /* NSString+MCMethods.m in Sources */ = {isa = PBXBuildFile; fileRef = 024E24F81A7B0F0C00976A9C /* NSString+MCMethods.m */; };
		024FAB711A7D8EF900FE8B56 /* MCTabView.m in Sources */ = {isa = PBXBuildFile; fileRef = 024FAB701A7D8EF900FE8B56 /* MCTabView.m */; };
		024FAB741A7D99A600FE8B56 /* CoreText.framework in Frameworks */ = {isa = PBXBuildFile; fileRef = 024FAB721A7D999400FE8B56 /* CoreText.framework */; };
		025718821A52325F00916FEB /* CoreLocation.framework in Frameworks */ = {isa = PBXBuildFile; fileRef = 025718811A52325F00916FEB /* CoreLocation.framework */; };
		025718841A52472700916FEB /* Images.xcassets in Resources */ = {isa = PBXBuildFile; fileRef = 025718831A52472700916FEB /* Images.xcassets */; };
		027DCC2A1A7EFC9D0054EEB8 /* MCPageView.m in Sources */ = {isa = PBXBuildFile; fileRef = 027DCC291A7EFC9D0054EEB8 /* MCPageView.m */; };
		02907B471A7BA4CF003848BB /* LargeCheckmark.png in Resources */ = {isa = PBXBuildFile; fileRef = 02907B451A7BA4CF003848BB /* LargeCheckmark.png */; };
		02907B481A7BA4CF003848BB /* LargeCheckmark@2x.png in Resources */ = {isa = PBXBuildFile; fileRef = 02907B461A7BA4CF003848BB /* LargeCheckmark@2x.png */; };
		02921A071A7B8B2400094182 /* MCAlertViewButton.m in Sources */ = {isa = PBXBuildFile; fileRef = 02921A061A7B8B2400094182 /* MCAlertViewButton.m */; };
		02921A0C1A7B8E2B00094182 /* ButtonNo.png in Resources */ = {isa = PBXBuildFile; fileRef = 02921A081A7B8E2B00094182 /* ButtonNo.png */; };
		02921A0D1A7B8E2B00094182 /* ButtonNo@2x.png in Resources */ = {isa = PBXBuildFile; fileRef = 02921A091A7B8E2B00094182 /* ButtonNo@2x.png */; };
		02921A0E1A7B8E2B00094182 /* ButtonYes.png in Resources */ = {isa = PBXBuildFile; fileRef = 02921A0A1A7B8E2B00094182 /* ButtonYes.png */; };
		02921A0F1A7B8E2B00094182 /* ButtonYes@2x.png in Resources */ = {isa = PBXBuildFile; fileRef = 02921A0B1A7B8E2B00094182 /* ButtonYes@2x.png */; };
		02B1B51A1A4B780E00474F4C /* MCAppDelegate.m in Sources */ = {isa = PBXBuildFile; fileRef = 02B1B50F1A4B780E00474F4C /* MCAppDelegate.m */; };
		02B1B51B1A4B780E00474F4C /* MCCommon.m in Sources */ = {isa = PBXBuildFile; fileRef = 02B1B5111A4B780E00474F4C /* MCCommon.m */; };
		02B1B51C1A4B780E00474F4C /* MCMainView.m in Sources */ = {isa = PBXBuildFile; fileRef = 02B1B5131A4B780E00474F4C /* MCMainView.m */; };
		02B1B51D1A4B780E00474F4C /* MCStartView.m in Sources */ = {isa = PBXBuildFile; fileRef = 02B1B5151A4B780E00474F4C /* MCStartView.m */; };
		02B1B51E1A4B780E00474F4C /* MCViewController.m in Sources */ = {isa = PBXBuildFile; fileRef = 02B1B5171A4B780E00474F4C /* MCViewController.m */; };
		02B1B51F1A4B780E00474F4C /* UIColor+MCColors.m in Sources */ = {isa = PBXBuildFile; fileRef = 02B1B5191A4B780E00474F4C /* UIColor+MCColors.m */; };
		02B1B5271A4B783E00474F4C /* main.m in Sources */ = {isa = PBXBuildFile; fileRef = 02B1B5221A4B783E00474F4C /* main.m */; };
		02B1B5281A4B783E00474F4C /* micmac.xcdatamodeld in Sources */ = {isa = PBXBuildFile; fileRef = 02B1B5241A4B783E00474F4C /* micmac.xcdatamodeld */; };
		02B1B52D1A4B786300474F4C /* Logo.png in Resources */ = {isa = PBXBuildFile; fileRef = 02B1B52B1A4B786300474F4C /* Logo.png */; };
		02B1B52E1A4B786300474F4C /* Logo@2x.png in Resources */ = {isa = PBXBuildFile; fileRef = 02B1B52C1A4B786300474F4C /* Logo@2x.png */; };
		02B1B5311A4B78AE00474F4C /* Default-568h@2x.png in Resources */ = {isa = PBXBuildFile; fileRef = 02B1B5301A4B78AE00474F4C /* Default-568h@2x.png */; };
		02B1B5401A51249000474F4C /* MCButton.m in Sources */ = {isa = PBXBuildFile; fileRef = 02B1B53F1A51249000474F4C /* MCButton.m */; };
		02CF62351A78787B0038265D /* MCAlertView.m in Sources */ = {isa = PBXBuildFile; fileRef = 02CF62341A78787B0038265D /* MCAlertView.m */; };
/* End PBXBuildFile section */

/* Begin PBXFileReference section */
		0225DB191A549435007B8A08 /* ArrowLeft.png */ = {isa = PBXFileReference; lastKnownFileType = image.png; path = ArrowLeft.png; sourceTree = "<group>"; };
		0225DB1A1A549435007B8A08 /* ArrowLeft@2x.png */ = {isa = PBXFileReference; lastKnownFileType = image.png; path = "ArrowLeft@2x.png"; sourceTree = "<group>"; };
		0225DB1B1A549435007B8A08 /* ArrowRight.png */ = {isa = PBXFileReference; lastKnownFileType = image.png; path = ArrowRight.png; sourceTree = "<group>"; };
		0225DB1C1A549435007B8A08 /* ArrowRight@2x.png */ = {isa = PBXFileReference; lastKnownFileType = image.png; path = "ArrowRight@2x.png"; sourceTree = "<group>"; };
		0225DB1E1A549435007B8A08 /* Location.png */ = {isa = PBXFileReference; lastKnownFileType = image.png; path = Location.png; sourceTree = "<group>"; };
		0225DB1F1A549435007B8A08 /* Location@2x.png */ = {isa = PBXFileReference; lastKnownFileType = image.png; path = "Location@2x.png"; sourceTree = "<group>"; };
		0225DB201A549435007B8A08 /* School.png */ = {isa = PBXFileReference; lastKnownFileType = image.png; path = School.png; sourceTree = "<group>"; };
		0225DB211A549435007B8A08 /* School@2x.png */ = {isa = PBXFileReference; lastKnownFileType = image.png; path = "School@2x.png"; sourceTree = "<group>"; };
		0228899C1A48BD47008A7D30 /* micmac.app */ = {isa = PBXFileReference; explicitFileType = wrapper.application; includeInIndex = 0; path = micmac.app; sourceTree = BUILT_PRODUCTS_DIR; };
		024E24F71A7B0F0C00976A9C /* NSString+MCMethods.h */ = {isa = PBXFileReference; fileEncoding = 4; lastKnownFileType = sourcecode.c.h; path = "NSString+MCMethods.h"; sourceTree = "<group>"; };
		024E24F81A7B0F0C00976A9C /* NSString+MCMethods.m */ = {isa = PBXFileReference; fileEncoding = 4; lastKnownFileType = sourcecode.c.objc; path = "NSString+MCMethods.m"; sourceTree = "<group>"; };
		024FAB6F1A7D8EF900FE8B56 /* MCTabView.h */ = {isa = PBXFileReference; fileEncoding = 4; lastKnownFileType = sourcecode.c.h; path = MCTabView.h; sourceTree = "<group>"; };
		024FAB701A7D8EF900FE8B56 /* MCTabView.m */ = {isa = PBXFileReference; fileEncoding = 4; lastKnownFileType = sourcecode.c.objc; path = MCTabView.m; sourceTree = "<group>"; };
		024FAB721A7D999400FE8B56 /* CoreText.framework */ = {isa = PBXFileReference; lastKnownFileType = wrapper.framework; name = CoreText.framework; path = System/Library/Frameworks/CoreText.framework; sourceTree = SDKROOT; };
		025718811A52325F00916FEB /* CoreLocation.framework */ = {isa = PBXFileReference; lastKnownFileType = wrapper.framework; name = CoreLocation.framework; path = System/Library/Frameworks/CoreLocation.framework; sourceTree = SDKROOT; };
		025718831A52472700916FEB /* Images.xcassets */ = {isa = PBXFileReference; lastKnownFileType = folder.assetcatalog; path = Images.xcassets; sourceTree = "<group>"; };
		027DCC281A7EFC9D0054EEB8 /* MCPageView.h */ = {isa = PBXFileReference; fileEncoding = 4; lastKnownFileType = sourcecode.c.h; path = MCPageView.h; sourceTree = "<group>"; };
		027DCC291A7EFC9D0054EEB8 /* MCPageView.m */ = {isa = PBXFileReference; fileEncoding = 4; lastKnownFileType = sourcecode.c.objc; path = MCPageView.m; sourceTree = "<group>"; };
		02907B451A7BA4CF003848BB /* LargeCheckmark.png */ = {isa = PBXFileReference; lastKnownFileType = image.png; path = LargeCheckmark.png; sourceTree = "<group>"; };
		02907B461A7BA4CF003848BB /* LargeCheckmark@2x.png */ = {isa = PBXFileReference; lastKnownFileType = image.png; path = "LargeCheckmark@2x.png"; sourceTree = "<group>"; };
		02921A051A7B8B2400094182 /* MCAlertViewButton.h */ = {isa = PBXFileReference; fileEncoding = 4; lastKnownFileType = sourcecode.c.h; path = MCAlertViewButton.h; sourceTree = "<group>"; };
		02921A061A7B8B2400094182 /* MCAlertViewButton.m */ = {isa = PBXFileReference; fileEncoding = 4; lastKnownFileType = sourcecode.c.objc; path = MCAlertViewButton.m; sourceTree = "<group>"; };
		02921A081A7B8E2B00094182 /* ButtonNo.png */ = {isa = PBXFileReference; lastKnownFileType = image.png; path = ButtonNo.png; sourceTree = "<group>"; };
		02921A091A7B8E2B00094182 /* ButtonNo@2x.png */ = {isa = PBXFileReference; lastKnownFileType = image.png; path = "ButtonNo@2x.png"; sourceTree = "<group>"; };
		02921A0A1A7B8E2B00094182 /* ButtonYes.png */ = {isa = PBXFileReference; lastKnownFileType = image.png; path = ButtonYes.png; sourceTree = "<group>"; };
		02921A0B1A7B8E2B00094182 /* ButtonYes@2x.png */ = {isa = PBXFileReference; lastKnownFileType = image.png; path = "ButtonYes@2x.png"; sourceTree = "<group>"; };
		02B1B50E1A4B780E00474F4C /* MCAppDelegate.h */ = {isa = PBXFileReference; fileEncoding = 4; lastKnownFileType = sourcecode.c.h; path = MCAppDelegate.h; sourceTree = "<group>"; };
		02B1B50F1A4B780E00474F4C /* MCAppDelegate.m */ = {isa = PBXFileReference; fileEncoding = 4; lastKnownFileType = sourcecode.c.objc; path = MCAppDelegate.m; sourceTree = "<group>"; };
		02B1B5101A4B780E00474F4C /* MCCommon.h */ = {isa = PBXFileReference; fileEncoding = 4; lastKnownFileType = sourcecode.c.h; path = MCCommon.h; sourceTree = "<group>"; };
		02B1B5111A4B780E00474F4C /* MCCommon.m */ = {isa = PBXFileReference; fileEncoding = 4; lastKnownFileType = sourcecode.c.objc; path = MCCommon.m; sourceTree = "<group>"; };
		02B1B5121A4B780E00474F4C /* MCMainView.h */ = {isa = PBXFileReference; fileEncoding = 4; lastKnownFileType = sourcecode.c.h; path = MCMainView.h; sourceTree = "<group>"; };
		02B1B5131A4B780E00474F4C /* MCMainView.m */ = {isa = PBXFileReference; fileEncoding = 4; lastKnownFileType = sourcecode.c.objc; path = MCMainView.m; sourceTree = "<group>"; };
		02B1B5141A4B780E00474F4C /* MCStartView.h */ = {isa = PBXFileReference; fileEncoding = 4; lastKnownFileType = sourcecode.c.h; path = MCStartView.h; sourceTree = "<group>"; };
		02B1B5151A4B780E00474F4C /* MCStartView.m */ = {isa = PBXFileReference; fileEncoding = 4; lastKnownFileType = sourcecode.c.objc; path = MCStartView.m; sourceTree = "<group>"; };
		02B1B5161A4B780E00474F4C /* MCViewController.h */ = {isa = PBXFileReference; fileEncoding = 4; lastKnownFileType = sourcecode.c.h; path = MCViewController.h; sourceTree = "<group>"; };
		02B1B5171A4B780E00474F4C /* MCViewController.m */ = {isa = PBXFileReference; fileEncoding = 4; lastKnownFileType = sourcecode.c.objc; path = MCViewController.m; sourceTree = "<group>"; };
		02B1B5181A4B780E00474F4C /* UIColor+MCColors.h */ = {isa = PBXFileReference; fileEncoding = 4; lastKnownFileType = sourcecode.c.h; path = "UIColor+MCColors.h"; sourceTree = "<group>"; };
		02B1B5191A4B780E00474F4C /* UIColor+MCColors.m */ = {isa = PBXFileReference; fileEncoding = 4; lastKnownFileType = sourcecode.c.objc; path = "UIColor+MCColors.m"; sourceTree = "<group>"; };
		02B1B5211A4B783E00474F4C /* Info.plist */ = {isa = PBXFileReference; fileEncoding = 4; lastKnownFileType = text.plist.xml; path = Info.plist; sourceTree = "<group>"; };
		02B1B5221A4B783E00474F4C /* main.m */ = {isa = PBXFileReference; fileEncoding = 4; lastKnownFileType = sourcecode.c.objc; path = main.m; sourceTree = "<group>"; };
		02B1B5231A4B783E00474F4C /* MicMac-Prefix.pch */ = {isa = PBXFileReference; fileEncoding = 4; lastKnownFileType = sourcecode.c.h; path = "MicMac-Prefix.pch"; sourceTree = "<group>"; };
		02B1B5251A4B783E00474F4C /* micmac.xcdatamodel */ = {isa = PBXFileReference; lastKnownFileType = wrapper.xcdatamodel; path = micmac.xcdatamodel; sourceTree = "<group>"; };
		02B1B52B1A4B786300474F4C /* Logo.png */ = {isa = PBXFileReference; lastKnownFileType = image.png; path = Logo.png; sourceTree = "<group>"; };
		02B1B52C1A4B786300474F4C /* Logo@2x.png */ = {isa = PBXFileReference; lastKnownFileType = image.png; path = "Logo@2x.png"; sourceTree = "<group>"; };
		02B1B5301A4B78AE00474F4C /* Default-568h@2x.png */ = {isa = PBXFileReference; lastKnownFileType = image.png; path = "Default-568h@2x.png"; sourceTree = "<group>"; };
		02B1B53E1A51249000474F4C /* MCButton.h */ = {isa = PBXFileReference; fileEncoding = 4; lastKnownFileType = sourcecode.c.h; path = MCButton.h; sourceTree = "<group>"; };
		02B1B53F1A51249000474F4C /* MCButton.m */ = {isa = PBXFileReference; fileEncoding = 4; lastKnownFileType = sourcecode.c.objc; path = MCButton.m; sourceTree = "<group>"; };
		02CF62331A78787B0038265D /* MCAlertView.h */ = {isa = PBXFileReference; fileEncoding = 4; lastKnownFileType = sourcecode.c.h; path = MCAlertView.h; sourceTree = "<group>"; };
		02CF62341A78787B0038265D /* MCAlertView.m */ = {isa = PBXFileReference; fileEncoding = 4; lastKnownFileType = sourcecode.c.objc; path = MCAlertView.m; sourceTree = "<group>"; };
/* End PBXFileReference section */

/* Begin PBXFrameworksBuildPhase section */
		022889991A48BD47008A7D30 /* Frameworks */ = {
			isa = PBXFrameworksBuildPhase;
			buildActionMask = 2147483647;
			files = (
				025718821A52325F00916FEB /* CoreLocation.framework in Frameworks */,
				024FAB741A7D99A600FE8B56 /* CoreText.framework in Frameworks */,
			);
			runOnlyForDeploymentPostprocessing = 0;
		};
/* End PBXFrameworksBuildPhase section */

/* Begin PBXGroup section */
		0225DB181A549435007B8A08 /* Navigation */ = {
			isa = PBXGroup;
			children = (
				0225DB191A549435007B8A08 /* ArrowLeft.png */,
				0225DB1A1A549435007B8A08 /* ArrowLeft@2x.png */,
				0225DB1B1A549435007B8A08 /* ArrowRight.png */,
				0225DB1C1A549435007B8A08 /* ArrowRight@2x.png */,
				02921A081A7B8E2B00094182 /* ButtonNo.png */,
				02921A091A7B8E2B00094182 /* ButtonNo@2x.png */,
				02921A0A1A7B8E2B00094182 /* ButtonYes.png */,
				02921A0B1A7B8E2B00094182 /* ButtonYes@2x.png */,
				02907B451A7BA4CF003848BB /* LargeCheckmark.png */,
				02907B461A7BA4CF003848BB /* LargeCheckmark@2x.png */,
			);
			path = Navigation;
			sourceTree = "<group>";
		};
		0225DB1D1A549435007B8A08 /* Starting */ = {
			isa = PBXGroup;
			children = (
				0225DB1E1A549435007B8A08 /* Location.png */,
				0225DB1F1A549435007B8A08 /* Location@2x.png */,
				0225DB201A549435007B8A08 /* School.png */,
				0225DB211A549435007B8A08 /* School@2x.png */,
			);
			path = Starting;
			sourceTree = "<group>";
		};
		022889931A48BD47008A7D30 = {
			isa = PBXGroup;
			children = (
				0228899E1A48BD47008A7D30 /* micmac */,
				0228899D1A48BD47008A7D30 /* Products */,
			);
			sourceTree = "<group>";
		};
		0228899D1A48BD47008A7D30 /* Products */ = {
			isa = PBXGroup;
			children = (
				0228899C1A48BD47008A7D30 /* micmac.app */,
			);
			name = Products;
			sourceTree = "<group>";
		};
		0228899E1A48BD47008A7D30 /* micmac */ = {
			isa = PBXGroup;
			children = (
				02B1B50D1A4B780E00474F4C /* Classes */,
				02B1B5291A4B786300474F4C /* Images */,
				02B1B5201A4B783E00474F4C /* Supporting Files */,
			);
			path = micmac;
			sourceTree = "<group>";
		};
		02B1B50D1A4B780E00474F4C /* Classes */ = {
			isa = PBXGroup;
			children = (
				02CF62331A78787B0038265D /* MCAlertView.h */,
				02CF62341A78787B0038265D /* MCAlertView.m */,
				02921A051A7B8B2400094182 /* MCAlertViewButton.h */,
				02921A061A7B8B2400094182 /* MCAlertViewButton.m */,
				02B1B50E1A4B780E00474F4C /* MCAppDelegate.h */,
				02B1B50F1A4B780E00474F4C /* MCAppDelegate.m */,
				02B1B53E1A51249000474F4C /* MCButton.h */,
				02B1B53F1A51249000474F4C /* MCButton.m */,
				02B1B5101A4B780E00474F4C /* MCCommon.h */,
				02B1B5111A4B780E00474F4C /* MCCommon.m */,
				027DCC281A7EFC9D0054EEB8 /* MCPageView.h */,
				027DCC291A7EFC9D0054EEB8 /* MCPageView.m */,
				02B1B5121A4B780E00474F4C /* MCMainView.h */,
				02B1B5131A4B780E00474F4C /* MCMainView.m */,
				02B1B5141A4B780E00474F4C /* MCStartView.h */,
				02B1B5151A4B780E00474F4C /* MCStartView.m */,
				024FAB6F1A7D8EF900FE8B56 /* MCTabView.h */,
				024FAB701A7D8EF900FE8B56 /* MCTabView.m */,
				02B1B5171A4B780E00474F4C /* MCViewController.m */,
				02B1B5161A4B780E00474F4C /* MCViewController.h */,
				024E24F71A7B0F0C00976A9C /* NSString+MCMethods.h */,
				024E24F81A7B0F0C00976A9C /* NSString+MCMethods.m */,
				02B1B5181A4B780E00474F4C /* UIColor+MCColors.h */,
				02B1B5191A4B780E00474F4C /* UIColor+MCColors.m */,
			);
			path = Classes;
			sourceTree = "<group>";
		};
		02B1B5201A4B783E00474F4C /* Supporting Files */ = {
			isa = PBXGroup;
			children = (
				025718811A52325F00916FEB /* CoreLocation.framework */,
				024FAB721A7D999400FE8B56 /* CoreText.framework */,
				02B1B5211A4B783E00474F4C /* Info.plist */,
				02B1B5221A4B783E00474F4C /* main.m */,
				02B1B5231A4B783E00474F4C /* MicMac-Prefix.pch */,
				02B1B5241A4B783E00474F4C /* micmac.xcdatamodeld */,
			);
			path = "Supporting Files";
			sourceTree = "<group>";
		};
		02B1B5291A4B786300474F4C /* Images */ = {
			isa = PBXGroup;
			children = (
				02B1B52A1A4B786300474F4C /* Logo */,
				0225DB181A549435007B8A08 /* Navigation */,
				0225DB1D1A549435007B8A08 /* Starting */,
				02B1B52F1A4B78AE00474F4C /* Supporting */,
			);
			path = Images;
			sourceTree = "<group>";
		};
		02B1B52A1A4B786300474F4C /* Logo */ = {
			isa = PBXGroup;
			children = (
				02B1B52B1A4B786300474F4C /* Logo.png */,
				02B1B52C1A4B786300474F4C /* Logo@2x.png */,
			);
			path = Logo;
			sourceTree = "<group>";
		};
		02B1B52F1A4B78AE00474F4C /* Supporting */ = {
			isa = PBXGroup;
			children = (
				02B1B5301A4B78AE00474F4C /* Default-568h@2x.png */,
				025718831A52472700916FEB /* Images.xcassets */,
			);
			path = Supporting;
			sourceTree = "<group>";
		};
/* End PBXGroup section */

/* Begin PBXNativeTarget section */
		0228899B1A48BD47008A7D30 /* micmac */ = {
			isa = PBXNativeTarget;
			buildConfigurationList = 022889C21A48BD47008A7D30 /* Build configuration list for PBXNativeTarget "micmac" */;
			buildPhases = (
				022889981A48BD47008A7D30 /* Sources */,
				022889991A48BD47008A7D30 /* Frameworks */,
				0228899A1A48BD47008A7D30 /* Resources */,
			);
			buildRules = (
			);
			dependencies = (
			);
			name = micmac;
			productName = micmac;
			productReference = 0228899C1A48BD47008A7D30 /* micmac.app */;
			productType = "com.apple.product-type.application";
		};
/* End PBXNativeTarget section */

/* Begin PBXProject section */
		022889941A48BD47008A7D30 /* Project object */ = {
			isa = PBXProject;
			attributes = {
				LastUpgradeCheck = 0610;
				ORGANIZATIONNAME = Kingfish;
				TargetAttributes = {
					0228899B1A48BD47008A7D30 = {
						CreatedOnToolsVersion = 6.1.1;
					};
				};
			};
			buildConfigurationList = 022889971A48BD47008A7D30 /* Build configuration list for PBXProject "micmac" */;
			compatibilityVersion = "Xcode 3.2";
			developmentRegion = English;
			hasScannedForEncodings = 0;
			knownRegions = (
				en,
				Base,
			);
			mainGroup = 022889931A48BD47008A7D30;
			productRefGroup = 0228899D1A48BD47008A7D30 /* Products */;
			projectDirPath = "";
			projectRoot = "";
			targets = (
				0228899B1A48BD47008A7D30 /* micmac */,
			);
		};
/* End PBXProject section */

/* Begin PBXResourcesBuildPhase section */
		0228899A1A48BD47008A7D30 /* Resources */ = {
			isa = PBXResourcesBuildPhase;
			buildActionMask = 2147483647;
			files = (
				0225DB281A549435007B8A08 /* School.png in Resources */,
				0225DB221A549435007B8A08 /* ArrowLeft.png in Resources */,
				0225DB231A549435007B8A08 /* ArrowLeft@2x.png in Resources */,
				025718841A52472700916FEB /* Images.xcassets in Resources */,
				02B1B52D1A4B786300474F4C /* Logo.png in Resources */,
				02921A0C1A7B8E2B00094182 /* ButtonNo.png in Resources */,
				02921A0E1A7B8E2B00094182 /* ButtonYes.png in Resources */,
				02907B471A7BA4CF003848BB /* LargeCheckmark.png in Resources */,
				0225DB241A549435007B8A08 /* ArrowRight.png in Resources */,
				02921A0D1A7B8E2B00094182 /* ButtonNo@2x.png in Resources */,
				02B1B5311A4B78AE00474F4C /* Default-568h@2x.png in Resources */,
				02921A0F1A7B8E2B00094182 /* ButtonYes@2x.png in Resources */,
				02907B481A7BA4CF003848BB /* LargeCheckmark@2x.png in Resources */,
				02B1B52E1A4B786300474F4C /* Logo@2x.png in Resources */,
				0225DB261A549435007B8A08 /* Location.png in Resources */,
				0225DB251A549435007B8A08 /* ArrowRight@2x.png in Resources */,
				0225DB291A549435007B8A08 /* School@2x.png in Resources */,
				0225DB271A549435007B8A08 /* Location@2x.png in Resources */,
			);
			runOnlyForDeploymentPostprocessing = 0;
		};
/* End PBXResourcesBuildPhase section */

/* Begin PBXSourcesBuildPhase section */
		022889981A48BD47008A7D30 /* Sources */ = {
			isa = PBXSourcesBuildPhase;
			buildActionMask = 2147483647;
			files = (
				02B1B51E1A4B780E00474F4C /* MCViewController.m in Sources */,
				024FAB711A7D8EF900FE8B56 /* MCTabView.m in Sources */,
				02B1B51D1A4B780E00474F4C /* MCStartView.m in Sources */,
				02B1B51C1A4B780E00474F4C /* MCMainView.m in Sources */,
				02B1B51B1A4B780E00474F4C /* MCCommon.m in Sources */,
				02921A071A7B8B2400094182 /* MCAlertViewButton.m in Sources */,
				02B1B51A1A4B780E00474F4C /* MCAppDelegate.m in Sources */,
				02B1B5401A51249000474F4C /* MCButton.m in Sources */,
				02CF62351A78787B0038265D /* MCAlertView.m in Sources */,
				027DCC2A1A7EFC9D0054EEB8 /* MCPageView.m in Sources */,
				02B1B5281A4B783E00474F4C /* micmac.xcdatamodeld in Sources */,
				02B1B5271A4B783E00474F4C /* main.m in Sources */,
				024E24F91A7B0F0C00976A9C /* NSString+MCMethods.m in Sources */,
				02B1B51F1A4B780E00474F4C /* UIColor+MCColors.m in Sources */,
			);
			runOnlyForDeploymentPostprocessing = 0;
		};
/* End PBXSourcesBuildPhase section */

/* Begin XCBuildConfiguration section */
		022889C01A48BD47008A7D30 /* Debug */ = {
			isa = XCBuildConfiguration;
			buildSettings = {
				ALWAYS_SEARCH_USER_PATHS = NO;
				CLANG_CXX_LANGUAGE_STANDARD = "gnu++0x";
				CLANG_CXX_LIBRARY = "libc++";
				CLANG_ENABLE_MODULES = YES;
				CLANG_ENABLE_OBJC_ARC = YES;
				CLANG_WARN_BOOL_CONVERSION = YES;
				CLANG_WARN_CONSTANT_CONVERSION = YES;
				CLANG_WARN_DIRECT_OBJC_ISA_USAGE = YES_ERROR;
				CLANG_WARN_EMPTY_BODY = YES;
				CLANG_WARN_ENUM_CONVERSION = YES;
				CLANG_WARN_INT_CONVERSION = YES;
				CLANG_WARN_OBJC_ROOT_CLASS = YES_ERROR;
				CLANG_WARN_UNREACHABLE_CODE = YES;
				CLANG_WARN__DUPLICATE_METHOD_MATCH = YES;
				"CODE_SIGN_IDENTITY[sdk=iphoneos*]" = "iPhone Developer";
				COPY_PHASE_STRIP = NO;
				ENABLE_STRICT_OBJC_MSGSEND = YES;
				GCC_C_LANGUAGE_STANDARD = gnu99;
				GCC_DYNAMIC_NO_PIC = NO;
				GCC_OPTIMIZATION_LEVEL = 0;
				GCC_PREPROCESSOR_DEFINITIONS = (
					"DEBUG=1",
					"$(inherited)",
				);
				GCC_SYMBOLS_PRIVATE_EXTERN = NO;
				GCC_WARN_64_TO_32_BIT_CONVERSION = YES;
				GCC_WARN_ABOUT_RETURN_TYPE = YES_ERROR;
				GCC_WARN_UNDECLARED_SELECTOR = YES;
				GCC_WARN_UNINITIALIZED_AUTOS = YES_AGGRESSIVE;
				GCC_WARN_UNUSED_FUNCTION = YES;
				GCC_WARN_UNUSED_VARIABLE = YES;
				IPHONEOS_DEPLOYMENT_TARGET = 8.1;
				MTL_ENABLE_DEBUG_INFO = YES;
				ONLY_ACTIVE_ARCH = YES;
				SDKROOT = iphoneos;
				TARGETED_DEVICE_FAMILY = "1,2";
			};
			name = Debug;
		};
		022889C11A48BD47008A7D30 /* Release */ = {
			isa = XCBuildConfiguration;
			buildSettings = {
				ALWAYS_SEARCH_USER_PATHS = NO;
				CLANG_CXX_LANGUAGE_STANDARD = "gnu++0x";
				CLANG_CXX_LIBRARY = "libc++";
				CLANG_ENABLE_MODULES = YES;
				CLANG_ENABLE_OBJC_ARC = YES;
				CLANG_WARN_BOOL_CONVERSION = YES;
				CLANG_WARN_CONSTANT_CONVERSION = YES;
				CLANG_WARN_DIRECT_OBJC_ISA_USAGE = YES_ERROR;
				CLANG_WARN_EMPTY_BODY = YES;
				CLANG_WARN_ENUM_CONVERSION = YES;
				CLANG_WARN_INT_CONVERSION = YES;
				CLANG_WARN_OBJC_ROOT_CLASS = YES_ERROR;
				CLANG_WARN_UNREACHABLE_CODE = YES;
				CLANG_WARN__DUPLICATE_METHOD_MATCH = YES;
				"CODE_SIGN_IDENTITY[sdk=iphoneos*]" = "iPhone Developer";
				COPY_PHASE_STRIP = YES;
				ENABLE_NS_ASSERTIONS = NO;
				ENABLE_STRICT_OBJC_MSGSEND = YES;
				GCC_C_LANGUAGE_STANDARD = gnu99;
				GCC_WARN_64_TO_32_BIT_CONVERSION = YES;
				GCC_WARN_ABOUT_RETURN_TYPE = YES_ERROR;
				GCC_WARN_UNDECLARED_SELECTOR = YES;
				GCC_WARN_UNINITIALIZED_AUTOS = YES_AGGRESSIVE;
				GCC_WARN_UNUSED_FUNCTION = YES;
				GCC_WARN_UNUSED_VARIABLE = YES;
				IPHONEOS_DEPLOYMENT_TARGET = 8.1;
				MTL_ENABLE_DEBUG_INFO = NO;
				SDKROOT = iphoneos;
				TARGETED_DEVICE_FAMILY = "1,2";
				VALIDATE_PRODUCT = YES;
			};
			name = Release;
		};
		022889C31A48BD47008A7D30 /* Debug */ = {
			isa = XCBuildConfiguration;
			buildSettings = {
				ASSETCATALOG_COMPILER_APPICON_NAME = AppIcon;
				GCC_PRECOMPILE_PREFIX_HEADER = YES;
				GCC_PREFIX_HEADER = "$SRCROOT/$PROJECT_NAME/Supporting Files/MicMac-Prefix.pch";
				INFOPLIST_FILE = "micmac/Supporting Files/Info.plist";
				IPHONEOS_DEPLOYMENT_TARGET = 7.0;
				LD_RUNPATH_SEARCH_PATHS = "$(inherited) @executable_path/Frameworks";
				PRODUCT_NAME = "$(TARGET_NAME)";
			};
			name = Debug;
		};
		022889C41A48BD47008A7D30 /* Release */ = {
			isa = XCBuildConfiguration;
			buildSettings = {
				ASSETCATALOG_COMPILER_APPICON_NAME = AppIcon;
				GCC_PRECOMPILE_PREFIX_HEADER = YES;
				GCC_PREFIX_HEADER = "$SRCROOT/$PROJECT_NAME/Supporting Files/MicMac-Prefix.pch";
				INFOPLIST_FILE = "micmac/Supporting Files/Info.plist";
				IPHONEOS_DEPLOYMENT_TARGET = 7.0;
				LD_RUNPATH_SEARCH_PATHS = "$(inherited) @executable_path/Frameworks";
				PRODUCT_NAME = "$(TARGET_NAME)";
			};
			name = Release;
		};
/* End XCBuildConfiguration section */

/* Begin XCConfigurationList section */
		022889971A48BD47008A7D30 /* Build configuration list for PBXProject "micmac" */ = {
			isa = XCConfigurationList;
			buildConfigurations = (
				022889C01A48BD47008A7D30 /* Debug */,
				022889C11A48BD47008A7D30 /* Release */,
			);
			defaultConfigurationIsVisible = 0;
			defaultConfigurationName = Release;
		};
		022889C21A48BD47008A7D30 /* Build configuration list for PBXNativeTarget "micmac" */ = {
			isa = XCConfigurationList;
			buildConfigurations = (
				022889C31A48BD47008A7D30 /* Debug */,
				022889C41A48BD47008A7D30 /* Release */,
			);
			defaultConfigurationIsVisible = 0;
			defaultConfigurationName = Release;
		};
/* End XCConfigurationList section */

/* Begin XCVersionGroup section */
		02B1B5241A4B783E00474F4C /* micmac.xcdatamodeld */ = {
			isa = XCVersionGroup;
			children = (
				02B1B5251A4B783E00474F4C /* micmac.xcdatamodel */,
			);
			currentVersion = 02B1B5251A4B783E00474F4C /* micmac.xcdatamodel */;
			path = micmac.xcdatamodeld;
			sourceTree = "<group>";
			versionGroupType = wrapper.xcdatamodel;
		};
/* End XCVersionGroup section */
	};
	rootObject = 022889941A48BD47008A7D30 /* Project object */;
}
