// !$*UTF8*$!
{
	archiveVersion = 1;
	classes = {
	};
	objectVersion = 46;
	objects = {

/* Begin PBXBuildFile section */
		022889A21A48BD47008A7D30 /* main.m in Sources */ = {isa = PBXBuildFile; fileRef = 022889A11A48BD47008A7D30 /* main.m */; };
		022889A51A48BD47008A7D30 /* AppDelegate.m in Sources */ = {isa = PBXBuildFile; fileRef = 022889A41A48BD47008A7D30 /* AppDelegate.m */; };
		022889A81A48BD47008A7D30 /* micmac.xcdatamodeld in Sources */ = {isa = PBXBuildFile; fileRef = 022889A61A48BD47008A7D30 /* micmac.xcdatamodeld */; };
		022889AB1A48BD47008A7D30 /* MCViewController.m in Sources */ = {isa = PBXBuildFile; fileRef = 022889AA1A48BD47008A7D30 /* MCViewController.m */; };
		022889BF1A48BD47008A7D30 /* micmacTests.m in Sources */ = {isa = PBXBuildFile; fileRef = 022889BE1A48BD47008A7D30 /* micmacTests.m */; };
		022889CB1A48BF2A008A7D30 /* MCCommon.m in Sources */ = {isa = PBXBuildFile; fileRef = 022889CA1A48BF2A008A7D30 /* MCCommon.m */; };
		022889CD1A48BFED008A7D30 /* Default-568h@2x.png in Resources */ = {isa = PBXBuildFile; fileRef = 022889CC1A48BFED008A7D30 /* Default-568h@2x.png */; };
/* End PBXBuildFile section */

/* Begin PBXContainerItemProxy section */
		022889B91A48BD47008A7D30 /* PBXContainerItemProxy */ = {
			isa = PBXContainerItemProxy;
			containerPortal = 022889941A48BD47008A7D30 /* Project object */;
			proxyType = 1;
			remoteGlobalIDString = 0228899B1A48BD47008A7D30;
			remoteInfo = micmac;
		};
/* End PBXContainerItemProxy section */

/* Begin PBXFileReference section */
		0228899C1A48BD47008A7D30 /* micmac.app */ = {isa = PBXFileReference; explicitFileType = wrapper.application; includeInIndex = 0; path = micmac.app; sourceTree = BUILT_PRODUCTS_DIR; };
		022889A01A48BD47008A7D30 /* Info.plist */ = {isa = PBXFileReference; lastKnownFileType = text.plist.xml; path = Info.plist; sourceTree = "<group>"; };
		022889A11A48BD47008A7D30 /* main.m */ = {isa = PBXFileReference; lastKnownFileType = sourcecode.c.objc; path = main.m; sourceTree = "<group>"; };
		022889A31A48BD47008A7D30 /* AppDelegate.h */ = {isa = PBXFileReference; lastKnownFileType = sourcecode.c.h; path = AppDelegate.h; sourceTree = "<group>"; };
		022889A41A48BD47008A7D30 /* AppDelegate.m */ = {isa = PBXFileReference; lastKnownFileType = sourcecode.c.objc; path = AppDelegate.m; sourceTree = "<group>"; };
		022889A71A48BD47008A7D30 /* micmac.xcdatamodel */ = {isa = PBXFileReference; lastKnownFileType = wrapper.xcdatamodel; path = micmac.xcdatamodel; sourceTree = "<group>"; };
		022889A91A48BD47008A7D30 /* MCViewController.h */ = {isa = PBXFileReference; lastKnownFileType = sourcecode.c.h; path = MCViewController.h; sourceTree = "<group>"; };
		022889AA1A48BD47008A7D30 /* MCViewController.m */ = {isa = PBXFileReference; lastKnownFileType = sourcecode.c.objc; path = MCViewController.m; sourceTree = "<group>"; };
		022889B81A48BD47008A7D30 /* micmacTests.xctest */ = {isa = PBXFileReference; explicitFileType = wrapper.cfbundle; includeInIndex = 0; path = micmacTests.xctest; sourceTree = BUILT_PRODUCTS_DIR; };
		022889BD1A48BD47008A7D30 /* Info.plist */ = {isa = PBXFileReference; lastKnownFileType = text.plist.xml; path = Info.plist; sourceTree = "<group>"; };
		022889BE1A48BD47008A7D30 /* micmacTests.m */ = {isa = PBXFileReference; lastKnownFileType = sourcecode.c.objc; path = micmacTests.m; sourceTree = "<group>"; };
		022889C81A48BE77008A7D30 /* MicMac-Prefix.pch */ = {isa = PBXFileReference; fileEncoding = 4; lastKnownFileType = sourcecode.c.h; path = "MicMac-Prefix.pch"; sourceTree = "<group>"; };
		022889C91A48BF2A008A7D30 /* MCCommon.h */ = {isa = PBXFileReference; fileEncoding = 4; lastKnownFileType = sourcecode.c.h; path = MCCommon.h; sourceTree = "<group>"; };
		022889CA1A48BF2A008A7D30 /* MCCommon.m */ = {isa = PBXFileReference; fileEncoding = 4; lastKnownFileType = sourcecode.c.objc; path = MCCommon.m; sourceTree = "<group>"; };
		022889CC1A48BFED008A7D30 /* Default-568h@2x.png */ = {isa = PBXFileReference; lastKnownFileType = image.png; path = "Default-568h@2x.png"; sourceTree = "<group>"; };
/* End PBXFileReference section */

/* Begin PBXFrameworksBuildPhase section */
		022889991A48BD47008A7D30 /* Frameworks */ = {
			isa = PBXFrameworksBuildPhase;
			buildActionMask = 2147483647;
			files = (
			);
			runOnlyForDeploymentPostprocessing = 0;
		};
		022889B51A48BD47008A7D30 /* Frameworks */ = {
			isa = PBXFrameworksBuildPhase;
			buildActionMask = 2147483647;
			files = (
			);
			runOnlyForDeploymentPostprocessing = 0;
		};
/* End PBXFrameworksBuildPhase section */

/* Begin PBXGroup section */
		022889931A48BD47008A7D30 = {
			isa = PBXGroup;
			children = (
				022889CC1A48BFED008A7D30 /* Default-568h@2x.png */,
				0228899E1A48BD47008A7D30 /* micmac */,
				022889BB1A48BD47008A7D30 /* micmacTests */,
				0228899D1A48BD47008A7D30 /* Products */,
			);
			sourceTree = "<group>";
		};
		0228899D1A48BD47008A7D30 /* Products */ = {
			isa = PBXGroup;
			children = (
				0228899C1A48BD47008A7D30 /* micmac.app */,
				022889B81A48BD47008A7D30 /* micmacTests.xctest */,
			);
			name = Products;
			sourceTree = "<group>";
		};
		0228899E1A48BD47008A7D30 /* micmac */ = {
			isa = PBXGroup;
			children = (
				022889A31A48BD47008A7D30 /* AppDelegate.h */,
				022889A41A48BD47008A7D30 /* AppDelegate.m */,
				022889C91A48BF2A008A7D30 /* MCCommon.h */,
				022889CA1A48BF2A008A7D30 /* MCCommon.m */,
				022889A91A48BD47008A7D30 /* MCViewController.h */,
				022889AA1A48BD47008A7D30 /* MCViewController.m */,
				022889A61A48BD47008A7D30 /* micmac.xcdatamodeld */,
				0228899F1A48BD47008A7D30 /* Supporting Files */,
			);
			path = micmac;
			sourceTree = "<group>";
		};
		0228899F1A48BD47008A7D30 /* Supporting Files */ = {
			isa = PBXGroup;
			children = (
				022889A01A48BD47008A7D30 /* Info.plist */,
				022889A11A48BD47008A7D30 /* main.m */,
				022889C81A48BE77008A7D30 /* MicMac-Prefix.pch */,
			);
			name = "Supporting Files";
			sourceTree = "<group>";
		};
		022889BB1A48BD47008A7D30 /* micmacTests */ = {
			isa = PBXGroup;
			children = (
				022889BE1A48BD47008A7D30 /* micmacTests.m */,
				022889BC1A48BD47008A7D30 /* Supporting Files */,
			);
			path = micmacTests;
			sourceTree = "<group>";
		};
		022889BC1A48BD47008A7D30 /* Supporting Files */ = {
			isa = PBXGroup;
			children = (
				022889BD1A48BD47008A7D30 /* Info.plist */,
			);
			name = "Supporting Files";
			sourceTree = "<group>";
		};
/* End PBXGroup section */

/* Begin PBXNativeTarget section */
		0228899B1A48BD47008A7D30 /* micmac */ = {
			isa = PBXNativeTarget;
			buildConfigurationList = 022889C21A48BD47008A7D30 /* Build configuration list for PBXNativeTarget "micmac" */;
			buildPhases = (
				022889981A48BD47008A7D30 /* Sources */,
				022889991A48BD47008A7D30 /* Frameworks */,
				0228899A1A48BD47008A7D30 /* Resources */,
			);
			buildRules = (
			);
			dependencies = (
			);
			name = micmac;
			productName = micmac;
			productReference = 0228899C1A48BD47008A7D30 /* micmac.app */;
			productType = "com.apple.product-type.application";
		};
		022889B71A48BD47008A7D30 /* micmacTests */ = {
			isa = PBXNativeTarget;
			buildConfigurationList = 022889C51A48BD47008A7D30 /* Build configuration list for PBXNativeTarget "micmacTests" */;
			buildPhases = (
				022889B41A48BD47008A7D30 /* Sources */,
				022889B51A48BD47008A7D30 /* Frameworks */,
				022889B61A48BD47008A7D30 /* Resources */,
			);
			buildRules = (
			);
			dependencies = (
				022889BA1A48BD47008A7D30 /* PBXTargetDependency */,
			);
			name = micmacTests;
			productName = micmacTests;
			productReference = 022889B81A48BD47008A7D30 /* micmacTests.xctest */;
			productType = "com.apple.product-type.bundle.unit-test";
		};
/* End PBXNativeTarget section */

/* Begin PBXProject section */
		022889941A48BD47008A7D30 /* Project object */ = {
			isa = PBXProject;
			attributes = {
				LastUpgradeCheck = 0610;
				ORGANIZATIONNAME = Kingfish;
				TargetAttributes = {
					0228899B1A48BD47008A7D30 = {
						CreatedOnToolsVersion = 6.1.1;
					};
					022889B71A48BD47008A7D30 = {
						CreatedOnToolsVersion = 6.1.1;
						TestTargetID = 0228899B1A48BD47008A7D30;
					};
				};
			};
			buildConfigurationList = 022889971A48BD47008A7D30 /* Build configuration list for PBXProject "micmac" */;
			compatibilityVersion = "Xcode 3.2";
			developmentRegion = English;
			hasScannedForEncodings = 0;
			knownRegions = (
				en,
				Base,
			);
			mainGroup = 022889931A48BD47008A7D30;
			productRefGroup = 0228899D1A48BD47008A7D30 /* Products */;
			projectDirPath = "";
			projectRoot = "";
			targets = (
				0228899B1A48BD47008A7D30 /* micmac */,
				022889B71A48BD47008A7D30 /* micmacTests */,
			);
		};
/* End PBXProject section */

/* Begin PBXResourcesBuildPhase section */
		0228899A1A48BD47008A7D30 /* Resources */ = {
			isa = PBXResourcesBuildPhase;
			buildActionMask = 2147483647;
			files = (
				022889CD1A48BFED008A7D30 /* Default-568h@2x.png in Resources */,
			);
			runOnlyForDeploymentPostprocessing = 0;
		};
		022889B61A48BD47008A7D30 /* Resources */ = {
			isa = PBXResourcesBuildPhase;
			buildActionMask = 2147483647;
			files = (
			);
			runOnlyForDeploymentPostprocessing = 0;
		};
/* End PBXResourcesBuildPhase section */

/* Begin PBXSourcesBuildPhase section */
		022889981A48BD47008A7D30 /* Sources */ = {
			isa = PBXSourcesBuildPhase;
			buildActionMask = 2147483647;
			files = (
				022889A81A48BD47008A7D30 /* micmac.xcdatamodeld in Sources */,
				022889A51A48BD47008A7D30 /* AppDelegate.m in Sources */,
				022889AB1A48BD47008A7D30 /* MCViewController.m in Sources */,
				022889CB1A48BF2A008A7D30 /* MCCommon.m in Sources */,
				022889A21A48BD47008A7D30 /* main.m in Sources */,
			);
			runOnlyForDeploymentPostprocessing = 0;
		};
		022889B41A48BD47008A7D30 /* Sources */ = {
			isa = PBXSourcesBuildPhase;
			buildActionMask = 2147483647;
			files = (
				022889BF1A48BD47008A7D30 /* micmacTests.m in Sources */,
			);
			runOnlyForDeploymentPostprocessing = 0;
		};
/* End PBXSourcesBuildPhase section */

/* Begin PBXTargetDependency section */
		022889BA1A48BD47008A7D30 /* PBXTargetDependency */ = {
			isa = PBXTargetDependency;
			target = 0228899B1A48BD47008A7D30 /* micmac */;
			targetProxy = 022889B91A48BD47008A7D30 /* PBXContainerItemProxy */;
		};
/* End PBXTargetDependency section */

/* Begin XCBuildConfiguration section */
		022889C01A48BD47008A7D30 /* Debug */ = {
			isa = XCBuildConfiguration;
			buildSettings = {
				ALWAYS_SEARCH_USER_PATHS = NO;
				CLANG_CXX_LANGUAGE_STANDARD = "gnu++0x";
				CLANG_CXX_LIBRARY = "libc++";
				CLANG_ENABLE_MODULES = YES;
				CLANG_ENABLE_OBJC_ARC = YES;
				CLANG_WARN_BOOL_CONVERSION = YES;
				CLANG_WARN_CONSTANT_CONVERSION = YES;
				CLANG_WARN_DIRECT_OBJC_ISA_USAGE = YES_ERROR;
				CLANG_WARN_EMPTY_BODY = YES;
				CLANG_WARN_ENUM_CONVERSION = YES;
				CLANG_WARN_INT_CONVERSION = YES;
				CLANG_WARN_OBJC_ROOT_CLASS = YES_ERROR;
				CLANG_WARN_UNREACHABLE_CODE = YES;
				CLANG_WARN__DUPLICATE_METHOD_MATCH = YES;
				"CODE_SIGN_IDENTITY[sdk=iphoneos*]" = "iPhone Developer";
				COPY_PHASE_STRIP = NO;
				ENABLE_STRICT_OBJC_MSGSEND = YES;
				GCC_C_LANGUAGE_STANDARD = gnu99;
				GCC_DYNAMIC_NO_PIC = NO;
				GCC_OPTIMIZATION_LEVEL = 0;
				GCC_PREPROCESSOR_DEFINITIONS = (
					"DEBUG=1",
					"$(inherited)",
				);
				GCC_SYMBOLS_PRIVATE_EXTERN = NO;
				GCC_WARN_64_TO_32_BIT_CONVERSION = YES;
				GCC_WARN_ABOUT_RETURN_TYPE = YES_ERROR;
				GCC_WARN_UNDECLARED_SELECTOR = YES;
				GCC_WARN_UNINITIALIZED_AUTOS = YES_AGGRESSIVE;
				GCC_WARN_UNUSED_FUNCTION = YES;
				GCC_WARN_UNUSED_VARIABLE = YES;
				IPHONEOS_DEPLOYMENT_TARGET = 8.1;
				MTL_ENABLE_DEBUG_INFO = YES;
				ONLY_ACTIVE_ARCH = YES;
				SDKROOT = iphoneos;
				TARGETED_DEVICE_FAMILY = "1,2";
			};
			name = Debug;
		};
		022889C11A48BD47008A7D30 /* Release */ = {
			isa = XCBuildConfiguration;
			buildSettings = {
				ALWAYS_SEARCH_USER_PATHS = NO;
				CLANG_CXX_LANGUAGE_STANDARD = "gnu++0x";
				CLANG_CXX_LIBRARY = "libc++";
				CLANG_ENABLE_MODULES = YES;
				CLANG_ENABLE_OBJC_ARC = YES;
				CLANG_WARN_BOOL_CONVERSION = YES;
				CLANG_WARN_CONSTANT_CONVERSION = YES;
				CLANG_WARN_DIRECT_OBJC_ISA_USAGE = YES_ERROR;
				CLANG_WARN_EMPTY_BODY = YES;
				CLANG_WARN_ENUM_CONVERSION = YES;
				CLANG_WARN_INT_CONVERSION = YES;
				CLANG_WARN_OBJC_ROOT_CLASS = YES_ERROR;
				CLANG_WARN_UNREACHABLE_CODE = YES;
				CLANG_WARN__DUPLICATE_METHOD_MATCH = YES;
				"CODE_SIGN_IDENTITY[sdk=iphoneos*]" = "iPhone Developer";
				COPY_PHASE_STRIP = YES;
				ENABLE_NS_ASSERTIONS = NO;
				ENABLE_STRICT_OBJC_MSGSEND = YES;
				GCC_C_LANGUAGE_STANDARD = gnu99;
				GCC_WARN_64_TO_32_BIT_CONVERSION = YES;
				GCC_WARN_ABOUT_RETURN_TYPE = YES_ERROR;
				GCC_WARN_UNDECLARED_SELECTOR = YES;
				GCC_WARN_UNINITIALIZED_AUTOS = YES_AGGRESSIVE;
				GCC_WARN_UNUSED_FUNCTION = YES;
				GCC_WARN_UNUSED_VARIABLE = YES;
				IPHONEOS_DEPLOYMENT_TARGET = 8.1;
				MTL_ENABLE_DEBUG_INFO = NO;
				SDKROOT = iphoneos;
				TARGETED_DEVICE_FAMILY = "1,2";
				VALIDATE_PRODUCT = YES;
			};
			name = Release;
		};
		022889C31A48BD47008A7D30 /* Debug */ = {
			isa = XCBuildConfiguration;
			buildSettings = {
				ASSETCATALOG_COMPILER_APPICON_NAME = AppIcon;
				GCC_PRECOMPILE_PREFIX_HEADER = YES;
				GCC_PREFIX_HEADER = "$SRCROOT/$PROJECT_NAME/MicMac-Prefix.pch";
				INFOPLIST_FILE = micmac/Info.plist;
				IPHONEOS_DEPLOYMENT_TARGET = 7.0;
				LD_RUNPATH_SEARCH_PATHS = "$(inherited) @executable_path/Frameworks";
				PRODUCT_NAME = "$(TARGET_NAME)";
			};
			name = Debug;
		};
		022889C41A48BD47008A7D30 /* Release */ = {
			isa = XCBuildConfiguration;
			buildSettings = {
				ASSETCATALOG_COMPILER_APPICON_NAME = AppIcon;
				GCC_PRECOMPILE_PREFIX_HEADER = YES;
				GCC_PREFIX_HEADER = "$SRCROOT/$PROJECT_NAME/MicMac-Prefix.pch";
				INFOPLIST_FILE = micmac/Info.plist;
				IPHONEOS_DEPLOYMENT_TARGET = 7.0;
				LD_RUNPATH_SEARCH_PATHS = "$(inherited) @executable_path/Frameworks";
				PRODUCT_NAME = "$(TARGET_NAME)";
			};
			name = Release;
		};
		022889C61A48BD47008A7D30 /* Debug */ = {
			isa = XCBuildConfiguration;
			buildSettings = {
				BUNDLE_LOADER = "$(TEST_HOST)";
				FRAMEWORK_SEARCH_PATHS = (
					"$(SDKROOT)/Developer/Library/Frameworks",
					"$(inherited)",
				);
				GCC_PREPROCESSOR_DEFINITIONS = (
					"DEBUG=1",
					"$(inherited)",
				);
				INFOPLIST_FILE = micmacTests/Info.plist;
				LD_RUNPATH_SEARCH_PATHS = "$(inherited) @executable_path/Frameworks @loader_path/Frameworks";
				PRODUCT_NAME = "$(TARGET_NAME)";
				TEST_HOST = "$(BUILT_PRODUCTS_DIR)/micmac.app/micmac";
			};
			name = Debug;
		};
		022889C71A48BD47008A7D30 /* Release */ = {
			isa = XCBuildConfiguration;
			buildSettings = {
				BUNDLE_LOADER = "$(TEST_HOST)";
				FRAMEWORK_SEARCH_PATHS = (
					"$(SDKROOT)/Developer/Library/Frameworks",
					"$(inherited)",
				);
				INFOPLIST_FILE = micmacTests/Info.plist;
				LD_RUNPATH_SEARCH_PATHS = "$(inherited) @executable_path/Frameworks @loader_path/Frameworks";
				PRODUCT_NAME = "$(TARGET_NAME)";
				TEST_HOST = "$(BUILT_PRODUCTS_DIR)/micmac.app/micmac";
			};
			name = Release;
		};
/* End XCBuildConfiguration section */

/* Begin XCConfigurationList section */
		022889971A48BD47008A7D30 /* Build configuration list for PBXProject "micmac" */ = {
			isa = XCConfigurationList;
			buildConfigurations = (
				022889C01A48BD47008A7D30 /* Debug */,
				022889C11A48BD47008A7D30 /* Release */,
			);
			defaultConfigurationIsVisible = 0;
			defaultConfigurationName = Release;
		};
		022889C21A48BD47008A7D30 /* Build configuration list for PBXNativeTarget "micmac" */ = {
			isa = XCConfigurationList;
			buildConfigurations = (
				022889C31A48BD47008A7D30 /* Debug */,
				022889C41A48BD47008A7D30 /* Release */,
			);
			defaultConfigurationIsVisible = 0;
		};
		022889C51A48BD47008A7D30 /* Build configuration list for PBXNativeTarget "micmacTests" */ = {
			isa = XCConfigurationList;
			buildConfigurations = (
				022889C61A48BD47008A7D30 /* Debug */,
				022889C71A48BD47008A7D30 /* Release */,
			);
			defaultConfigurationIsVisible = 0;
		};
/* End XCConfigurationList section */

/* Begin XCVersionGroup section */
		022889A61A48BD47008A7D30 /* micmac.xcdatamodeld */ = {
			isa = XCVersionGroup;
			children = (
				022889A71A48BD47008A7D30 /* micmac.xcdatamodel */,
			);
			currentVersion = 022889A71A48BD47008A7D30 /* micmac.xcdatamodel */;
			path = micmac.xcdatamodeld;
			sourceTree = "<group>";
			versionGroupType = wrapper.xcdatamodel;
		};
/* End XCVersionGroup section */
	};
	rootObject = 022889941A48BD47008A7D30 /* Project object */;
}
